
Microsoft Visual Studio Solution File, Format Version 12.00
# Visual Studio Version 16
VisualStudioVersion = 16.0.31129.286
MinimumVisualStudioVersion = 10.0.40219.1
Project("{FAE04EC0-301F-11D3-BF4B-00C04F79EFBC}") = "OnTheWay", "OnTheWay.csproj", "{C5F0C15C-012E-418C-B38A-A5138DCDEF82}"
EndProject
Global
	GlobalSection(SolutionConfigurationPlatforms) = preSolution
		Debug|Any CPU = Debug|Any CPU
		Release|Any CPU = Release|Any CPU
	EndGlobalSection
	GlobalSection(ProjectConfigurationPlatforms) = postSolution
		{C5F0C15C-012E-418C-B38A-A5138DCDEF82}.Debug|Any CPU.ActiveCfg = Debug|Any CPU
		{C5F0C15C-012E-418C-B38A-A5138DCDEF82}.Debug|Any CPU.Build.0 = Debug|Any CPU
		{C5F0C15C-012E-418C-B38A-A5138DCDEF82}.Release|Any CPU.ActiveCfg = Release|Any CPU
		{C5F0C15C-012E-418C-B38A-A5138DCDEF82}.Release|Any CPU.Build.0 = Release|Any CPU
	EndGlobalSection
	GlobalSection(SolutionProperties) = preSolution
		HideSolutionNode = FALSE
	EndGlobalSection
	GlobalSection(ExtensibilityGlobals) = postSolution
		SolutionGuid = {77957EF7-21A2-4B4B-8963-499F72A1229B}
	EndGlobalSection
EndGlobal
